
Microsoft Visual Studio Solution File, Format Version 12.00
# Visual Studio Version 17
VisualStudioVersion = 17.3.32929.385
MinimumVisualStudioVersion = 10.0.40219.1
Project("{FAE04EC0-301F-11D3-BF4B-00C04F79EFBC}") = "Kalkulator", "Kalkulator\Kalkulator.csproj", "{61118711-5813-4A04-AE07-DB3B40E9386F}"
EndProject
Global
	GlobalSection(SolutionConfigurationPlatforms) = preSolution
		Debug|Any CPU = Debug|Any CPU
		Release|Any CPU = Release|Any CPU
	EndGlobalSection
	GlobalSection(ProjectConfigurationPlatforms) = postSolution
		{61118711-5813-4A04-AE07-DB3B40E9386F}.Debug|Any CPU.ActiveCfg = Debug|Any CPU
		{61118711-5813-4A04-AE07-DB3B40E9386F}.Debug|Any CPU.Build.0 = Debug|Any CPU
		{61118711-5813-4A04-AE07-DB3B40E9386F}.Release|Any CPU.ActiveCfg = Release|Any CPU
		{61118711-5813-4A04-AE07-DB3B40E9386F}.Release|Any CPU.Build.0 = Release|Any CPU
	EndGlobalSection
	GlobalSection(SolutionProperties) = preSolution
		HideSolutionNode = FALSE
	EndGlobalSection
	GlobalSection(ExtensibilityGlobals) = postSolution
		SolutionGuid = {E695A4EA-E20B-4872-91C0-CCAB2B24CD64}
	EndGlobalSection
EndGlobal
